# THIS IS AN AUTOGENERATED FILE. DO NOT EDIT THIS FILE DIRECTLY.
# yarn lockfile v1


"@fortawesome/fontawesome-common-types@^0.2.32":
  version "0.2.32"
  resolved "https://registry.yarnpkg.com/@fortawesome/fontawesome-common-types/-/fontawesome-common-types-0.2.32.tgz#3436795d5684f22742989bfa08f46f50f516f259"
  integrity sha512-ux2EDjKMpcdHBVLi/eWZynnPxs0BtFVXJkgHIxXRl+9ZFaHPvYamAfCzeeQFqHRjuJtX90wVnMRaMQAAlctz3w==

"@fortawesome/fontawesome-svg-core@^1.2.0":
  version "1.2.32"
  resolved "https://registry.yarnpkg.com/@fortawesome/fontawesome-svg-core/-/fontawesome-svg-core-1.2.32.tgz#da092bfc7266aa274be8604de610d7115f9ba6cf"
  integrity sha512-XjqyeLCsR/c/usUpdWcOdVtWFVjPbDFBTQkn2fQRrWhhUoxriQohO2RWDxLyUM8XpD+Zzg5xwJ8gqTYGDLeGaQ==
  dependencies:
    "@fortawesome/fontawesome-common-types" "^0.2.32"

"@fortawesome/free-regular-svg-icons@^5.1.0":
  version "5.15.1"
  resolved "https://registry.yarnpkg.com/@fortawesome/free-regular-svg-icons/-/free-regular-svg-icons-5.15.1.tgz#a8897d0ce325352dbba0e943101323e0175ee2b2"
  integrity sha512-eD9NWFy89e7SVVtrLedJUxIpCBGhd4x7s7dhesokjyo1Tw62daqN5UcuAGu1NrepLLq1IeAYUVfWwnOjZ/j3HA==
  dependencies:
    "@fortawesome/fontawesome-common-types" "^0.2.32"

"@fortawesome/free-solid-svg-icons@^5.1.0":
  version "5.15.1"
  resolved "https://registry.yarnpkg.com/@fortawesome/free-solid-svg-icons/-/free-solid-svg-icons-5.15.1.tgz#e1432676ddd43108b41197fee9f86d910ad458ef"
  integrity sha512-EFMuKtzRMNbvjab/SvJBaOOpaqJfdSap/Nl6hst7CgrJxwfORR1drdTV6q1Ib/JVzq4xObdTDcT6sqTaXMqfdg==
  dependencies:
    "@fortawesome/fontawesome-common-types" "^0.2.32"

"@fortawesome/vue-fontawesome@^0.1.0":
  version "0.1.10"
  resolved "https://registry.yarnpkg.com/@fortawesome/vue-fontawesome/-/vue-fontawesome-0.1.10.tgz#eeeec1e4e8850bed0468f938292b06cda793bf34"
  integrity sha512-b2+SLF31h32LSepVcXe+BQ63yvbq5qmTCy4KfFogCYm2bn68H5sDWUnX+U7MBqnM2aeEk9M7xSoqGnu+wSdY6w==

array-uniq@1.0.2:
  version "1.0.2"
  resolved "https://registry.yarnpkg.com/array-uniq/-/array-uniq-1.0.2.tgz#5fcc373920775723cfd64d65c64bef53bf9eba6d"
  integrity sha1-X8w3OSB3VyPP1k1lxkvvU7+eum0=

axios-jsonp@^1.0.2:
  version "1.0.4"
  resolved "https://registry.yarnpkg.com/axios-jsonp/-/axios-jsonp-1.0.4.tgz#28878a48bbf38dbf07875fa283d9cf958c63b498"
  integrity sha512-KI5Fc4ery6DR+oneXG09hPZfGuNUW8Lblhe750h53Z0Eh5MRsrHn49YitDU4RsMk0HV+12zcvL2Q51QkOLGdIQ==

axios@^0.18.0:
  version "0.18.1"
  resolved "https://registry.yarnpkg.com/axios/-/axios-0.18.1.tgz#ff3f0de2e7b5d180e757ad98000f1081b87bcea3"
  integrity sha512-0BfJq4NSfQXd+SkFdrvFbG7addhYSBA2mQwISr46pD6E5iqkWg02RAs8vyTT/j0RTnoYmeXauBuSv1qKwR179g==
  dependencies:
    follow-redirects "1.5.10"
    is-buffer "^2.0.2"

bulma@^0.7.1:
  version "0.7.5"
  resolved "https://registry.yarnpkg.com/bulma/-/bulma-0.7.5.tgz#35066c37f82c088b68f94450be758fc00a967208"
  integrity sha512-cX98TIn0I6sKba/DhW0FBjtaDpxTelU166pf7ICXpCCuplHWyu6C9LYZmL5PEsnePIeJaiorsTEzzNk3Tsm1hw==

debug@=3.1.0:
  version "3.1.0"
  resolved "https://registry.yarnpkg.com/debug/-/debug-3.1.0.tgz#5bb5a0672628b64149566ba16819e61518c67261"
  integrity sha512-OX8XqP7/1a9cqkxYw2yXss15f26NKWBpDXQd0/uK/KPqdQhxbPa994hnzjcE2VqQpDslf55723cKPUOGSmMY3g==
  dependencies:
    ms "2.0.0"

embed-js@4.2.3:
  version "4.2.3"
  resolved "https://registry.yarnpkg.com/embed-js/-/embed-js-4.2.3.tgz#13fa555a8da982c14de0d9bbe6c8305bc1bef0b2"
  integrity sha1-E/pVWo2pgsFN4Nm75sgwW8G+8LI=
  dependencies:
    unfetch "^2.0.0"

embed-plugin-base@^5.0.4:
  version "5.0.4"
  resolved "https://registry.yarnpkg.com/embed-plugin-base/-/embed-plugin-base-5.0.4.tgz#67f91e2a54e5514b7b4b629d51618f2976bf0be7"
  integrity sha512-RNrGW/m+vrTG5iQ5yXQoIfw6aeiIGl+gO5jjVk5y134N1hm3QfhrEvQdyDqNjv6efe7XQWUi3t0KzuT7XT6LNg==
  dependencies:
    embed-plugin-utilities "^5.0.4"
    just-extend "4.0.2"

embed-plugin-emoji@^5.0.4:
  version "5.0.4"
  resolved "https://registry.yarnpkg.com/embed-plugin-emoji/-/embed-plugin-emoji-5.0.4.tgz#fd382402c21f0b5aa0b70c16c751c5997a5c86a5"
  integrity sha512-MnMCYYpjnhVJ7oD5wzmHsPuaryvqNE3xENKdgusetry/F5Na6FoK3ZKTubJaebjmYEquqaq1ss9SosPAXtC9ew==
  dependencies:
    just-extend "4.0.2"
    just-kebab-case "^1.0.0"
    regex-emoji "^2.0.5"

embed-plugin-facebook@^5.0.4:
  version "5.0.4"
  resolved "https://registry.yarnpkg.com/embed-plugin-facebook/-/embed-plugin-facebook-5.0.4.tgz#f13954a0e5cae5ad9f0ab39511e01f51016b830a"
  integrity sha512-AdohKXcQOhxuaM8BXSnts0N3aEhUKyc+tNGPEM/JrHrT/2mo3TZRZ9wvsNoFcQandodWBB2CRKBn4nlryP9bew==
  dependencies:
    embed-plugin-base "^5.0.4"
    embed-plugin-utilities "^5.0.4"
    just-extend "4.0.2"
    just-kebab-case "^1.0.0"
    regex-emoji "^2.0.5"

embed-plugin-github@^5.0.3, embed-plugin-github@^5.0.4:
  version "5.0.4"
  resolved "https://registry.yarnpkg.com/embed-plugin-github/-/embed-plugin-github-5.0.4.tgz#fc93119b1f5868260fe328f6bf68d59846c17551"
  integrity sha512-qOo8coXeRE/ghfa2N9oJFuYpnwt5Fr7du0KV80R2QSYd7SVzrv1wZoQcPb9VbmUTeFloWhFfDqoBsoi0dN87JQ==
  dependencies:
    embed-plugin-base "^5.0.4"
    embed-plugin-utilities "^5.0.4"
    just-extend "4.0.2"

embed-plugin-highlight@^5.0.4:
  version "5.0.4"
  resolved "https://registry.yarnpkg.com/embed-plugin-highlight/-/embed-plugin-highlight-5.0.4.tgz#55b890af40a202e13a113444813f305681f92569"
  integrity sha512-hrUxgvzpMzECvvdxtN4tqgmyFEUdxh0kD0gySt8YyUh82QGhtpdNf6JGEHvMFVDkNzLvzo78lb8pbcHQsICxHg==
  dependencies:
    embed-plugin-base "^5.0.4"
    is-in-browser "1.1.3"
    just-extend "4.0.2"

embed-plugin-instagram@^5.0.4:
  version "5.0.4"
  resolved "https://registry.yarnpkg.com/embed-plugin-instagram/-/embed-plugin-instagram-5.0.4.tgz#bfc360396517ed55b0808d70d5b26f55da16c631"
  integrity sha512-q9RS1xDrj72dPnSG/Px++tkC8cxJBigJNY04EfQK7dX6NcODlLsqxm4mdppPOOkbIfWODPdvOfn9PhPtW+oLpg==
  dependencies:
    embed-plugin-base "^5.0.4"
    just-extend "4.0.2"

embed-plugin-map@^5.0.4:
  version "5.0.4"
  resolved "https://registry.yarnpkg.com/embed-plugin-map/-/embed-plugin-map-5.0.4.tgz#d9a784b0fb07735c279ecec2f38947f0449409b7"
  integrity sha512-yrTqNkF2m4v43ZsKsckQP8Od0qwMHK+33iK69O3/zd6iCFeKVcYcLfUpCL9GBTBzCX/jE0J93PvRBJo64qNoDg==
  dependencies:
    embed-plugin-base "^5.0.4"
    embed-plugin-utilities "^5.0.4"
    just-extend "4.0.2"

embed-plugin-media@^5.0.4:
  version "5.0.4"
  resolved "https://registry.yarnpkg.com/embed-plugin-media/-/embed-plugin-media-5.0.4.tgz#a5ffe95bc3c7281140053d9cd7c932ed52ec23fe"
  integrity sha512-WM989l6xVNwbp7x2dD6rnQ5MkgAr8KqhXR6XqHwv0xy0EFX+OW4UjVnTGMaUmkIsLdIjoEYlgIFBvPoJDF1W1Q==
  dependencies:
    embed-plugin-base "^5.0.4"
    just-extend "4.0.2"

embed-plugin-noembed@^5.0.3, embed-plugin-noembed@^5.0.4:
  version "5.0.4"
  resolved "https://registry.yarnpkg.com/embed-plugin-noembed/-/embed-plugin-noembed-5.0.4.tgz#fbce3a953c04daf6a89a129414564169843deb51"
  integrity sha512-RcSjvSVywIULMqS8pqN/m+jFnJW1o/4fZ3VcK0OZIjG1x/PU2ibX99S2hi1Xbf4/+gzHnew3xqFb5Dx2TeM5ng==
  dependencies:
    embed-plugin-base "^5.0.4"
    embed-plugin-utilities "^5.0.4"
    is-dom "1.0.9"
    is-in-browser "1.1.3"
    just-extend "4.0.2"
    just-flatten-it "2.1.0"
    just-pluck-it "1.2.0"

embed-plugin-twitter@^5.0.4:
  version "5.0.4"
  resolved "https://registry.yarnpkg.com/embed-plugin-twitter/-/embed-plugin-twitter-5.0.4.tgz#c292738a44eec5265aedb1a1b8a7076c072dee92"
  integrity sha512-oWAg70FCb887/Wqqu/UUWCEhHajXqazREGAhbT7EQmsyN5uGAEeWFeD9CB6rVu6LjRaKume+jv6F8d9ogUKFkg==
  dependencies:
    embed-plugin-base "^5.0.4"
    embed-plugin-utilities "^5.0.4"
    fetch-jsonp "1.1.3"
    is-dom "1.0.9"
    is-in-browser "1.1.3"
    just-extend "4.0.2"

embed-plugin-url@^5.0.3, embed-plugin-url@^5.0.4:
  version "5.0.4"
  resolved "https://registry.yarnpkg.com/embed-plugin-url/-/embed-plugin-url-5.0.4.tgz#0e86fe4b7948a2072305c3b4e01c257a76da3672"
  integrity sha512-jqB7ZEcRIkh81FJXGlWL6xm8BmDLngtgEvDV5Zxl2noezzf8XX/a60sN0Ar2vwlxbi1Lz45Meb12D5w8XRsH/Q==
  dependencies:
    html-linkify "1.2.2"
    just-extend "4.0.2"

embed-plugin-utilities@^5.0.4:
  version "5.0.4"
  resolved "https://registry.yarnpkg.com/embed-plugin-utilities/-/embed-plugin-utilities-5.0.4.tgz#a466972f48de12abb015388ca611fab6ae2009f1"
  integrity sha512-A5mENQEpDHvedff5MSRFs+GO4t9UgqVDW33jAskg/CMcLUphCZbrUFiPuPDfoL3SI2Vbdte2AnDUaf5ReoD7SQ==
  dependencies:
    is-in-browser "1.1.3"
    just-extend "4.0.2"
    just-truncate "1.1.0"

embed-plugin-youtube@^5.0.3, embed-plugin-youtube@^5.0.4:
  version "5.0.4"
  resolved "https://registry.yarnpkg.com/embed-plugin-youtube/-/embed-plugin-youtube-5.0.4.tgz#dfe4e83cf618ea9423bc8e1cdf38578d650813ce"
  integrity sha512-1H2ibPYKVXm/WIowL9AydyCphRCOPDizR15nWozsogJsMNfvGMY453lzqrq0HHgnWjBG92/zIadYST9y75j+rQ==
  dependencies:
    embed-plugin-base "^5.0.4"
    embed-plugin-utilities "^5.0.4"
    is-dom "1.0.9"
    just-extend "4.0.2"
    youtube-regex "1.0.5"

embed-preset-basic@^5.0.3:
  version "5.0.4"
  resolved "https://registry.yarnpkg.com/embed-preset-basic/-/embed-preset-basic-5.0.4.tgz#1206c2bfc24b9d4b976f95d0b4eee434ef55b285"
  integrity sha512-PPO2Wd5kev8qPjRpJrOzYWY8CsbFVzWGZDlwcodt8mH8AsjHtR6INC1J9itizxvtkdgG/Dd0faydZKSdog2+kQ==
  dependencies:
    embed-plugin-emoji "^5.0.4"
    embed-plugin-facebook "^5.0.4"
    embed-plugin-github "^5.0.4"
    embed-plugin-highlight "^5.0.4"
    embed-plugin-instagram "^5.0.4"
    embed-plugin-map "^5.0.4"
    embed-plugin-media "^5.0.4"
    embed-plugin-noembed "^5.0.4"
    embed-plugin-twitter "^5.0.4"
    embed-plugin-url "^5.0.4"
    embed-plugin-youtube "^5.0.4"
    just-extend "4.0.2"

fetch-jsonp@1.1.3:
  version "1.1.3"
  resolved "https://registry.yarnpkg.com/fetch-jsonp/-/fetch-jsonp-1.1.3.tgz#9eb9e585ba08aaf700563538d17bbebbcd5a3db2"
  integrity sha1-nrnlhboIqvcAVjU40Xu+u81aPbI=

follow-redirects@1.5.10:
  version "1.5.10"
  resolved "https://registry.yarnpkg.com/follow-redirects/-/follow-redirects-1.5.10.tgz#7b7a9f9aea2fdff36786a94ff643ed07f4ff5e2a"
  integrity sha512-0V5l4Cizzvqt5D44aTXbFZz+FtyXV1vrDN6qrelxtfYQKW0KO0W2T/hkE8xvGa/540LkZlkaUjO4ailYTFtHVQ==
  dependencies:
    debug "=3.1.0"

highlight.js@^10.0.3:
  version "10.4.1"
  resolved "https://registry.yarnpkg.com/highlight.js/-/highlight.js-10.4.1.tgz#d48fbcf4a9971c4361b3f95f302747afe19dbad0"
  integrity sha512-yR5lWvNz7c85OhVAEAeFhVCc/GV4C30Fjzc/rCP0aCWzc1UUOPUk55dK/qdwTZHBvMZo+eZ2jpk62ndX/xMFlg==

html-escape@1.0.0:
  version "1.0.0"
  resolved "https://registry.yarnpkg.com/html-escape/-/html-escape-1.0.0.tgz#db2db5526a64c04a41c7677de3056c0d1381d465"
  integrity sha1-2y21UmpkwEpBx2d94wVsDROB1GU=

html-linkify@1.2.2:
  version "1.2.2"
  resolved "https://registry.yarnpkg.com/html-linkify/-/html-linkify-1.2.2.tgz#875f7d0773a793a5de6ae306b7ddf21ff2a3347b"
  integrity sha1-h199B3Onk6XeauMGt93yH/KjNHs=
  dependencies:
    html-escape "1.0.0"

iframe-resizer@^3.6.1:
  version "3.6.6"
  resolved "https://registry.yarnpkg.com/iframe-resizer/-/iframe-resizer-3.6.6.tgz#ece6a0b7e879cfe3783a1003261408152ff9bd9b"
  integrity sha512-WYprloB8s18Be9wbybQZmeEWueEczJH2is/5DxDn4jH8Bs2DuaSuaOeYICe6IvmF04SBy4mQ+pX4Xc+E9FEMSg==

is-buffer@^2.0.2:
  version "2.0.5"
  resolved "https://registry.yarnpkg.com/is-buffer/-/is-buffer-2.0.5.tgz#ebc252e400d22ff8d77fa09888821a24a658c191"
  integrity sha512-i2R6zNFDwgEHJyQUtJEk0XFi1i0dPFn/oqjK3/vPCcDeJvW5NQ83V8QbicfF1SupOaB0h8ntgBC2YiE7dfyctQ==

is-dom@1.0.9:
  version "1.0.9"
  resolved "https://registry.yarnpkg.com/is-dom/-/is-dom-1.0.9.tgz#483832d52972073de12b9fe3f60320870da8370d"
  integrity sha1-SDgy1SlyBz3hK5/j9gMghw2oNw0=

is-in-browser@1.1.3:
  version "1.1.3"
  resolved "https://registry.yarnpkg.com/is-in-browser/-/is-in-browser-1.1.3.tgz#56ff4db683a078c6082eb95dad7dc62e1d04f835"
  integrity sha1-Vv9NtoOgeMYILrldrX3GLh0E+DU=

just-extend@4.0.2:
  version "4.0.2"
  resolved "https://registry.yarnpkg.com/just-extend/-/just-extend-4.0.2.tgz#f3f47f7dfca0f989c55410a7ebc8854b07108afc"
  integrity sha512-FrLwOgm+iXrPV+5zDU6Jqu4gCRXbWEQg2O3SKONsWE4w7AXFRkryS53bpWdaL9cNol+AmR3AEYz6kn+o0fCPnw==

just-flatten-it@2.1.0:
  version "2.1.0"
  resolved "https://registry.yarnpkg.com/just-flatten-it/-/just-flatten-it-2.1.0.tgz#2514337cc77ee3462869fee3d939b06ec1fd7986"
  integrity sha512-mX3NUt/LF6EzohLJZXhywCwz2zqdhx6wVkEu6UfUx00lVQlSB6SBV1O+/Le15NfsimrWRD82H69ZkSVQZffhmw==

just-kebab-case@^1.0.0:
  version "1.1.0"
  resolved "https://registry.yarnpkg.com/just-kebab-case/-/just-kebab-case-1.1.0.tgz#ebe854fde84b0afa4e597fcd870b12eb3c026755"
  integrity sha512-QkuwuBMQ9BQHMUEkAtIA4INLrkmnnveqlFB1oFi09gbU0wBdZo6tTnyxNWMR84zHxBuwK7GLAwqN8nrvVxOLTA==

just-pluck-it@1.2.0:
  version "1.2.0"
  resolved "https://registry.yarnpkg.com/just-pluck-it/-/just-pluck-it-1.2.0.tgz#dad55ec91c2aae6984744884c412e016ec6c1fb4"
  integrity sha512-iDzNYZdBBr2Wkw8zrGFJvNfcvat1Mh1o7qxpJpQA829z0ZRvTTqWzL9+O2r+kODXMZb0KeTuqCW0kgaLyQVBPg==

just-truncate@1.1.0:
  version "1.1.0"
  resolved "https://registry.yarnpkg.com/just-truncate/-/just-truncate-1.1.0.tgz#59c848a9a2359226d43655fbe797613e027c58fd"
  integrity sha512-s6ESoBb9mcUKUfse/czFS1BGwUQWsg9t8+zE2898xLM/MLriKR3sjml4C1HKpcKcOIJ358PaIpGXGP1c727IOQ==

medium-editor@^5.23.3:
  version "5.23.3"
  resolved "https://registry.yarnpkg.com/medium-editor/-/medium-editor-5.23.3.tgz#6fb638759ae2fc76c423feb056f346d9c518d3b7"
  integrity sha512-he9/TdjX8f8MGdXGfCs8AllrYnqXJJvjNkDKmPg3aPW/uoIrlRqtkFthrwvmd+u4QyzEiadhCCM0EwTiRdUCJw==

ms@2.0.0:
  version "2.0.0"
  resolved "https://registry.yarnpkg.com/ms/-/ms-2.0.0.tgz#5608aeadfc00be6c2901df5f9861788de0d597c8"
  integrity sha1-VgiurfwAvmwpAd9fmGF4jeDVl8g=

pure-gist-embed@^1.0.3:
  version "1.0.3"
  resolved "https://registry.yarnpkg.com/pure-gist-embed/-/pure-gist-embed-1.0.3.tgz#fa1a72b20c4e2faff2474c701041c8143e7aa55a"
  integrity sha512-59OyElJLHK3QrskI6chd8lPfu1dwMfJCUqMYBH1c1+TC4lsbOXtlf8yYA7Fvhcmbg+3SOiFZh2YyFOUrSZ6OXw==
  dependencies:
    axios "^0.18.0"
    axios-jsonp "^1.0.2"

randomstring@^1.1.5:
  version "1.1.5"
  resolved "https://registry.yarnpkg.com/randomstring/-/randomstring-1.1.5.tgz#6df0628f75cbd5932930d9fe3ab4e956a18518c3"
  integrity sha1-bfBij3XL1ZMpMNn+OrTpVqGFGMM=
  dependencies:
    array-uniq "1.0.2"

regex-emoji@^2.0.5:
  version "2.0.8"
  resolved "https://registry.yarnpkg.com/regex-emoji/-/regex-emoji-2.0.8.tgz#b20ae0ef4e223fa99de445b6acb6deda5902f31d"
  integrity sha512-Bf9GqaXWL3HTyFKGXjkziGsfA8e6YM+NEGf4ZJMl7/AdDD4HwnR4o7JtsIcCOSxaNrVEr3CME7VQJtJviiiVLA==

underscore@^1.9.1:
  version "1.12.0"
  resolved "https://registry.yarnpkg.com/underscore/-/underscore-1.12.0.tgz#4814940551fc80587cef7840d1ebb0f16453be97"
  integrity sha512-21rQzss/XPMjolTiIezSu3JAjgagXKROtNrYFEOWK109qY1Uv2tVjPTZ1ci2HgvQDA16gHYSthQIJfB+XId/rQ==

unfetch@^2.0.0:
  version "2.1.2"
  resolved "https://registry.yarnpkg.com/unfetch/-/unfetch-2.1.2.tgz#684fee4d8acdb135bdb26c0364c642fc326ca95b"
  integrity sha1-aE/uTYrNsTW9smwDZMZC/DJsqVs=

vue-upload-component@^2.8.9:
  version "2.8.20"
  resolved "https://registry.yarnpkg.com/vue-upload-component/-/vue-upload-component-2.8.20.tgz#60824d3f20f3216dca90d8c86a5c980851b04ea0"
  integrity sha512-zrnJvULu4rnZe36Ib2/AZrI/h/mmNbUJZ+acZD652PyumzbvjCOQeYHe00sGifTdYjzzS66CwhTT+ubZ2D0Aow==

vue@^2.5.16:
  version "2.6.12"
  resolved "https://registry.yarnpkg.com/vue/-/vue-2.6.12.tgz#f5ebd4fa6bd2869403e29a896aed4904456c9123"
  integrity sha512-uhmLFETqPPNyuLLbsKz6ioJ4q7AZHzD8ZVFNATNyICSZouqP2Sz0rotWQC8UNBF6VGSCs5abnKJoStA6JbCbfg==

vuejs-medium-editor@^1.2.1:
  version "1.2.1"
  resolved "https://registry.yarnpkg.com/vuejs-medium-editor/-/vuejs-medium-editor-1.2.1.tgz#f7e16a381b4daf28e2fcf0a724cce1246d7ae002"
  integrity sha512-gJcfKax/1thKjHy7xE45spKuJdBh/hIxbxhGEYx5CjU42p2F+JU/QYUb4bNaIMi8slaMc/WNB8fLV0G9D+ulAA==
  dependencies:
    "@fortawesome/fontawesome-svg-core" "^1.2.0"
    "@fortawesome/free-regular-svg-icons" "^5.1.0"
    "@fortawesome/free-solid-svg-icons" "^5.1.0"
    "@fortawesome/vue-fontawesome" "^0.1.0"
    bulma "^0.7.1"
    embed-js "4.2.3"
    embed-plugin-github "^5.0.3"
    embed-plugin-noembed "^5.0.3"
    embed-plugin-url "^5.0.3"
    embed-plugin-youtube "^5.0.3"
    embed-preset-basic "^5.0.3"
    highlight.js "^10.0.3"
    iframe-resizer "^3.6.1"
    medium-editor "^5.23.3"
    pure-gist-embed "^1.0.3"
    randomstring "^1.1.5"
    underscore "^1.9.1"
    vue "^2.5.16"
    vue-upload-component "^2.8.9"

youtube-regex@1.0.5:
  version "1.0.5"
  resolved "https://registry.yarnpkg.com/youtube-regex/-/youtube-regex-1.0.5.tgz#5f27facab0b7d66d01eebc7afc9a6a69cf61abd8"
  integrity sha1-Xyf6yrC31m0B7rx6/Jpqac9hq9g=
